{
  "version": 4,
  "terraform_version": "1.5.1",
  "serial": 56,
  "lineage": "01319a9d-8a2d-132a-103b-c34d6f757e59",
  "outputs": {
    "public_ip_address": {
      "value": "20.199.118.118",
      "type": "string"
    },
    "resource_group_name": {
      "value": "ADDA84-CTP",
      "type": "string"
    },
    "tls_private_key": {
      "value": "-----BEGIN RSA PRIVATE KEY-----\nMIIEpQIBAAKCAQEAxKqZBl787YKi8vQpNkArYls9CDYkvACWCdTs92cF6n+lrGPS\nhXKOAl7FOwAEdep4+uRSI/zOJMoeCgEyajGANbZUnZBfJJ9VzjMAikb/msKYYA1/\n23wJd9Dhx/f4Z86+IyQX2JyCsJtsomJwNB2iSz9uIBM8LvFWOsSbEkNsYlZH7Wbc\nF6vv777U9rRzDADlWC/Mn2M6k65EcEj9WjubCu6CNQDBFdr6yB1J742wVimZyMRs\n52oMnCKcKldvtsXYlOxWu+RPbDkl1fPHCSPk0Wkifx6cayIqelZtC5eFV/v1lU1/\nu19ajsy0gMcklProBlErkOTAMDykuXJDSAEKjQIDAQABAoIBAGhho5aeE+B71cDd\nloIUzPIHOv2Avz6JkRjmyl8Fbz5nQaed077Abl8TrdsCx1tOd6eyR2aSZ1dfb1Ig\nEIIMg9/+Rira1aS6bPBkYYUC6edaIUXZ5GK6EsxlMXDRTCbMtF4yafWuHC9gTuhh\nFuySTfFiWTDtBKRlsz692xB2eLA37FaFa9YJL8Ug78qNj6CU5sqTjPZo73F8vMCs\n+RQjeXkV+ko6DCHcmPJs/Wn821wCutdPCLm6FKxM+NOk58PsuVQu7uSmsACJNMxY\nf073DyMfECG0l1LiZo4ygfOTKXrsTsXyxsxIUOXds8r4vgG0JonXNDZ2NDKR0jlt\nZBGlLIECgYEA8g0yeTjS7uS0HCKDAbUOj2GX2bcGbVUIlUBYb05gc+YZE002pzon\nohOiKHyrVkC1jX1b1NnERMW2uBiTXev7YTbBKlnxc+EOj9cEjsEgcXp9b6hEol8g\na/LVnEjbcrNcEipZ1rCxU5cYlcC8cvtaZuRAILPrIE6iZ5ngT2vbvpMCgYEAz//e\nLAer+pQ4umSUorFZb2b5Rulg/3MTkB5wt/WCB5xcAK9aTe+nm/NRkHDOh5b/iaFM\nGNAonlc7zxq7Y69SI/2MaqYWgNGiTcVfPLN6KW6aTkVFa75VomGjFMdKG30iSjOY\nbIW9l3d6d3lL3TXfUzkpyQ4ewbrvOQlvWdfWpl8CgYEA7yfs8+saNqHP93B+AoTT\nQwXJVHrLJeF7noQ6HJfTIxB5PCHxWx9Ro4lEkj5Dx/AdshPnVRJpIw468ACQMp+D\n+9Ru3RqLP9RhX+ux/B6DoLvHDjiyv7+/uAjx1/4AnX7r/KLNqxtfydijmOsbB3yk\nIL9rQSSjr4MiYbye7boDH3MCgYEAmPTuKq7Rl4ncVaWVcDa/MB8nfTAuNmwnnLnl\n5kHSh0pClfZdkCaGuTYrau6p0igGbu2Aila5KAe6YcikuN+6peDUm7Dbp4uBsXNN\nX9QUJ9e//YMPU/Y5/xmR1bvgEWrqBmr+0f9ftr0UADvgwCHXwtmskr+hepG/TdBU\nZFtG7D0CgYEA69CHYu6SnXOPZST+QdtB8hn/BouUaJywNaHjOIisl6t46Gd4Lx+v\n1TKqQFiyhRsNvaZw1agklwIJTLXQ8L4jDrBI54fsDfN0KZQJYZvTPS7O39vqUGgA\n07Il6+AN3EI6mpOtMHn4xh8h/7vjfZRr+M4aL2aEv58yaD0xlJ04L04=\n-----END RSA PRIVATE KEY-----\n",
      "type": "string",
      "sensitive": true
    }
  },
  "resources": [
    {
      "mode": "data",
      "type": "azurerm_subnet",
      "name": "subnet",
      "provider": "provider[\"registry.terraform.io/hashicorp/azurerm\"]",
      "instances": [
        {
          "schema_version": 0,
          "attributes": {
            "address_prefix": "10.3.1.0/24",
            "address_prefixes": [
              "10.3.1.0/24"
            ],
            "enforce_private_link_endpoint_network_policies": false,
            "enforce_private_link_service_network_policies": false,
            "id": "/subscriptions/765266c6-9a23-4638-af32-dd1e32613047/resourceGroups/ADDA84-CTP/providers/Microsoft.Network/virtualNetworks/network-tp4/subnets/internal",
            "name": "internal",
            "network_security_group_id": "",
            "resource_group_name": "ADDA84-CTP",
            "route_table_id": "",
            "service_endpoints": [],
            "timeouts": null,
            "virtual_network_name": "network-tp4"
          },
          "sensitive_attributes": []
        }
      ]
    },
    {
      "mode": "data",
      "type": "azurerm_virtual_network",
      "name": "network",
      "provider": "provider[\"registry.terraform.io/hashicorp/azurerm\"]",
      "instances": [
        {
          "schema_version": 0,
          "attributes": {
            "address_space": [
              "10.3.0.0/16"
            ],
            "dns_servers": [],
            "guid": "99585f98-3aec-48d2-bb9b-ddeae2e87e3f",
            "id": "/subscriptions/765266c6-9a23-4638-af32-dd1e32613047/resourceGroups/ADDA84-CTP/providers/Microsoft.Network/virtualNetworks/network-tp4",
            "location": "francecentral",
            "name": "network-tp4",
            "resource_group_name": "ADDA84-CTP",
            "subnets": [
              "internal"
            ],
            "tags": {},
            "timeouts": null,
            "vnet_peerings": {},
            "vnet_peerings_addresses": []
          },
          "sensitive_attributes": []
        }
      ]
    },
    {
      "mode": "managed",
      "type": "azurerm_linux_virtual_machine",
      "name": "vm",
      "provider": "provider[\"registry.terraform.io/hashicorp/azurerm\"]",
      "instances": [
        {
          "schema_version": 0,
          "attributes": {
            "additional_capabilities": [],
            "admin_password": null,
            "admin_ssh_key": [
              {
                "public_key": "ssh-rsa AAAAB3NzaC1yc2EAAAADAQABAAABAQDEqpkGXvztgqLy9Ck2QCtiWz0INiS8AJYJ1Oz3ZwXqf6WsY9KFco4CXsU7AAR16nj65FIj/M4kyh4KATJqMYA1tlSdkF8kn1XOMwCKRv+awphgDX/bfAl30OHH9/hnzr4jJBfYnIKwm2yiYnA0HaJLP24gEzwu8VY6xJsSQ2xiVkftZtwXq+/vvtT2tHMMAOVYL8yfYzqTrkRwSP1aO5sK7oI1AMEV2vrIHUnvjbBWKZnIxGznagycIpwqV2+2xdiU7Fa75E9sOSXV88cJI+TRaSJ/HpxrIip6Vm0Ll4VX+/WVTX+7X1qOzLSAxySU+ugGUSuQ5MAwPKS5ckNIAQqN\n",
                "username": "devops"
              }
            ],
            "admin_username": "devops",
            "allow_extension_operations": true,
            "availability_set_id": "",
            "boot_diagnostics": [],
            "computer_name": "devops-20210372",
            "custom_data": null,
            "dedicated_host_group_id": "",
            "dedicated_host_id": "",
            "disable_password_authentication": true,
            "edge_zone": "",
            "encryption_at_host_enabled": false,
            "eviction_policy": "",
            "extensions_time_budget": "PT1H30M",
            "id": "/subscriptions/765266c6-9a23-4638-af32-dd1e32613047/resourceGroups/ADDA84-CTP/providers/Microsoft.Compute/virtualMachines/devops-20210372",
            "identity": [],
            "license_type": "",
            "location": "francecentral",
            "max_bid_price": -1,
            "name": "devops-20210372",
            "network_interface_ids": [
              "/subscriptions/765266c6-9a23-4638-af32-dd1e32613047/resourceGroups/ADDA84-CTP/providers/Microsoft.Network/networkInterfaces/nic20210372"
            ],
            "os_disk": [
              {
                "caching": "ReadWrite",
                "diff_disk_settings": [],
                "disk_encryption_set_id": "",
                "disk_size_gb": 30,
                "name": "20210372-osdisk",
                "storage_account_type": "Premium_LRS",
                "write_accelerator_enabled": false
              }
            ],
            "patch_mode": "ImageDefault",
            "plan": [],
            "platform_fault_domain": -1,
            "priority": "Regular",
            "private_ip_address": "10.3.1.13",
            "private_ip_addresses": [
              "10.3.1.13"
            ],
            "provision_vm_agent": true,
            "proximity_placement_group_id": "",
            "public_ip_address": "20.199.118.118",
            "public_ip_addresses": [
              "20.199.118.118"
            ],
            "resource_group_name": "ADDA84-CTP",
            "secret": [],
            "secure_boot_enabled": false,
            "size": "Standard_D2s_v3",
            "source_image_id": "",
            "source_image_reference": [
              {
                "offer": "UbuntuServer",
                "publisher": "Canonical",
                "sku": "16.04-LTS",
                "version": "latest"
              }
            ],
            "tags": null,
            "termination_notification": null,
            "timeouts": null,
            "user_data": "",
            "virtual_machine_id": "f934b310-8258-417c-b062-5804e16c15d8",
            "virtual_machine_scale_set_id": "",
            "vtpm_enabled": false,
            "zone": ""
          },
          "sensitive_attributes": [],
          "private": "eyJlMmJmYjczMC1lY2FhLTExZTYtOGY4OC0zNDM2M2JjN2M0YzAiOnsiY3JlYXRlIjoyNzAwMDAwMDAwMDAwLCJkZWxldGUiOjI3MDAwMDAwMDAwMDAsInJlYWQiOjMwMDAwMDAwMDAwMCwidXBkYXRlIjoyNzAwMDAwMDAwMDAwfX0=",
          "dependencies": [
            "azurerm_network_interface.nic20210372",
            "azurerm_public_ip.public_ip",
            "data.azurerm_subnet.subnet",
            "data.azurerm_virtual_network.network",
            "tls_private_key.ssh_key"
          ]
        }
      ]
    },
    {
      "mode": "managed",
      "type": "azurerm_network_interface",
      "name": "nic20210372",
      "provider": "provider[\"registry.terraform.io/hashicorp/azurerm\"]",
      "instances": [
        {
          "schema_version": 0,
          "attributes": {
            "applied_dns_servers": [],
            "dns_servers": [],
            "edge_zone": "",
            "enable_accelerated_networking": false,
            "enable_ip_forwarding": false,
            "id": "/subscriptions/765266c6-9a23-4638-af32-dd1e32613047/resourceGroups/ADDA84-CTP/providers/Microsoft.Network/networkInterfaces/nic20210372",
            "internal_dns_name_label": "",
            "internal_domain_name_suffix": "tbpvrgpmhljero211xvof0d4hh.parx.internal.cloudapp.net",
            "ip_configuration": [
              {
                "gateway_load_balancer_frontend_ip_configuration_id": "",
                "name": "internal",
                "primary": true,
                "private_ip_address": "10.3.1.13",
                "private_ip_address_allocation": "Dynamic",
                "private_ip_address_version": "IPv4",
                "public_ip_address_id": "/subscriptions/765266c6-9a23-4638-af32-dd1e32613047/resourceGroups/ADDA84-CTP/providers/Microsoft.Network/publicIPAddresses/20210372-public-ip",
                "subnet_id": "/subscriptions/765266c6-9a23-4638-af32-dd1e32613047/resourceGroups/ADDA84-CTP/providers/Microsoft.Network/virtualNetworks/network-tp4/subnets/internal"
              }
            ],
            "location": "francecentral",
            "mac_address": "",
            "name": "nic20210372",
            "private_ip_address": "10.3.1.13",
            "private_ip_addresses": [
              "10.3.1.13"
            ],
            "resource_group_name": "ADDA84-CTP",
            "tags": null,
            "timeouts": null,
            "virtual_machine_id": ""
          },
          "sensitive_attributes": [],
          "private": "eyJlMmJmYjczMC1lY2FhLTExZTYtOGY4OC0zNDM2M2JjN2M0YzAiOnsiY3JlYXRlIjoxODAwMDAwMDAwMDAwLCJkZWxldGUiOjE4MDAwMDAwMDAwMDAsInJlYWQiOjMwMDAwMDAwMDAwMCwidXBkYXRlIjoxODAwMDAwMDAwMDAwfX0=",
          "dependencies": [
            "azurerm_public_ip.public_ip",
            "data.azurerm_subnet.subnet",
            "data.azurerm_virtual_network.network"
          ]
        }
      ]
    },
    {
      "mode": "managed",
      "type": "azurerm_public_ip",
      "name": "public_ip",
      "provider": "provider[\"registry.terraform.io/hashicorp/azurerm\"]",
      "instances": [
        {
          "schema_version": 0,
          "attributes": {
            "allocation_method": "Static",
            "domain_name_label": null,
            "edge_zone": "",
            "fqdn": null,
            "id": "/subscriptions/765266c6-9a23-4638-af32-dd1e32613047/resourceGroups/ADDA84-CTP/providers/Microsoft.Network/publicIPAddresses/20210372-public-ip",
            "idle_timeout_in_minutes": 4,
            "ip_address": "20.199.118.118",
            "ip_tags": null,
            "ip_version": "IPv4",
            "location": "francecentral",
            "name": "20210372-public-ip",
            "public_ip_prefix_id": null,
            "resource_group_name": "ADDA84-CTP",
            "reverse_fqdn": null,
            "sku": "Basic",
            "sku_tier": "Regional",
            "tags": null,
            "timeouts": null,
            "zones": null
          },
          "sensitive_attributes": [],
          "private": "eyJlMmJmYjczMC1lY2FhLTExZTYtOGY4OC0zNDM2M2JjN2M0YzAiOnsiY3JlYXRlIjoxODAwMDAwMDAwMDAwLCJkZWxldGUiOjE4MDAwMDAwMDAwMDAsInJlYWQiOjMwMDAwMDAwMDAwMCwidXBkYXRlIjoxODAwMDAwMDAwMDAwfX0=",
          "dependencies": [
            "data.azurerm_virtual_network.network"
          ]
        }
      ]
    },
    {
      "mode": "managed",
      "type": "tls_private_key",
      "name": "ssh_key",
      "provider": "provider[\"registry.terraform.io/hashicorp/tls\"]",
      "instances": [
        {
          "schema_version": 1,
          "attributes": {
            "algorithm": "RSA",
            "ecdsa_curve": "P224",
            "id": "cd1a325a09fbd6354ba04338f165976c0dd0617d",
            "private_key_openssh": "-----BEGIN OPENSSH PRIVATE KEY-----\nb3BlbnNzaC1rZXktdjEAAAAABG5vbmUAAAAEbm9uZQAAAAAAAAABAAABFwAAAAdz\nc2gtcnNhAAAAAwEAAQAAAQEAxKqZBl787YKi8vQpNkArYls9CDYkvACWCdTs92cF\n6n+lrGPShXKOAl7FOwAEdep4+uRSI/zOJMoeCgEyajGANbZUnZBfJJ9VzjMAikb/\nmsKYYA1/23wJd9Dhx/f4Z86+IyQX2JyCsJtsomJwNB2iSz9uIBM8LvFWOsSbEkNs\nYlZH7WbcF6vv777U9rRzDADlWC/Mn2M6k65EcEj9WjubCu6CNQDBFdr6yB1J742w\nVimZyMRs52oMnCKcKldvtsXYlOxWu+RPbDkl1fPHCSPk0Wkifx6cayIqelZtC5eF\nV/v1lU1/u19ajsy0gMcklProBlErkOTAMDykuXJDSAEKjQAAA7gBsw7QAbMO0AAA\nAAdzc2gtcnNhAAABAQDEqpkGXvztgqLy9Ck2QCtiWz0INiS8AJYJ1Oz3ZwXqf6Ws\nY9KFco4CXsU7AAR16nj65FIj/M4kyh4KATJqMYA1tlSdkF8kn1XOMwCKRv+awphg\nDX/bfAl30OHH9/hnzr4jJBfYnIKwm2yiYnA0HaJLP24gEzwu8VY6xJsSQ2xiVkft\nZtwXq+/vvtT2tHMMAOVYL8yfYzqTrkRwSP1aO5sK7oI1AMEV2vrIHUnvjbBWKZnI\nxGznagycIpwqV2+2xdiU7Fa75E9sOSXV88cJI+TRaSJ/HpxrIip6Vm0Ll4VX+/WV\nTX+7X1qOzLSAxySU+ugGUSuQ5MAwPKS5ckNIAQqNAAAAAwEAAQAAAQBoYaOWnhPg\ne9XA3ZaCFMzyBzr9gL8+iZEY5spfBW8+Z0GnndO+wG5fE63bAsdbTnenskdmkmdX\nX29SIBCCDIPf/kYq2tWkumzwZGGFAunnWiFF2eRiuhLMZTFw0UwmzLReMmn1rhwv\nYE7oYRbskk3xYlkw7QSkZbM+vdsQdniwN+xWhWvWCS/FIO/KjY+glObKk4z2aO9x\nfLzArPkUI3l5FfpKOgwh3JjybP1p/NtcArrXTwi5uhSsTPjTpOfD7LlULu7kprAA\niTTMWH9O9w8jHxAhtJdS4maOMoHzkyl67E7F8sbMSFDl3bPK+L4BtCaJ1zQ2djQy\nkdI5bWQRpSyBAAAAgQDr0Idi7pKdc49lJP5B20HyGf8Gi5RonLA1oeM4iKyXq3jo\nZ3gvH6/VMqpAWLKFGw29pnDVqCSXAglMtdDwviMOsEjnh+wN83QplAlhm9M9Ls7f\n2+pQaADTsiXr4A3cQjqak60wefjGHyH/u+N9lGv4zhovZoS/nzJoPTGUnTgvTgAA\nAIEA8g0yeTjS7uS0HCKDAbUOj2GX2bcGbVUIlUBYb05gc+YZE002pzonohOiKHyr\nVkC1jX1b1NnERMW2uBiTXev7YTbBKlnxc+EOj9cEjsEgcXp9b6hEol8ga/LVnEjb\ncrNcEipZ1rCxU5cYlcC8cvtaZuRAILPrIE6iZ5ngT2vbvpMAAACBAM//3iwHq/qU\nOLpklKKxWW9m+UbpYP9zE5AecLf1ggecXACvWk3vp5vzUZBwzoeW/4mhTBjQKJ5X\nO88au2OvUiP9jGqmFoDRok3FXzyzeilumk5FRWu+VaJhoxTHSht9IkozmGyFvZd3\nend5S90131M5KckOHsG67zkJb1nX1qZfAAAAAAEC\n-----END OPENSSH PRIVATE KEY-----\n",
            "private_key_pem": "-----BEGIN RSA PRIVATE KEY-----\nMIIEpQIBAAKCAQEAxKqZBl787YKi8vQpNkArYls9CDYkvACWCdTs92cF6n+lrGPS\nhXKOAl7FOwAEdep4+uRSI/zOJMoeCgEyajGANbZUnZBfJJ9VzjMAikb/msKYYA1/\n23wJd9Dhx/f4Z86+IyQX2JyCsJtsomJwNB2iSz9uIBM8LvFWOsSbEkNsYlZH7Wbc\nF6vv777U9rRzDADlWC/Mn2M6k65EcEj9WjubCu6CNQDBFdr6yB1J742wVimZyMRs\n52oMnCKcKldvtsXYlOxWu+RPbDkl1fPHCSPk0Wkifx6cayIqelZtC5eFV/v1lU1/\nu19ajsy0gMcklProBlErkOTAMDykuXJDSAEKjQIDAQABAoIBAGhho5aeE+B71cDd\nloIUzPIHOv2Avz6JkRjmyl8Fbz5nQaed077Abl8TrdsCx1tOd6eyR2aSZ1dfb1Ig\nEIIMg9/+Rira1aS6bPBkYYUC6edaIUXZ5GK6EsxlMXDRTCbMtF4yafWuHC9gTuhh\nFuySTfFiWTDtBKRlsz692xB2eLA37FaFa9YJL8Ug78qNj6CU5sqTjPZo73F8vMCs\n+RQjeXkV+ko6DCHcmPJs/Wn821wCutdPCLm6FKxM+NOk58PsuVQu7uSmsACJNMxY\nf073DyMfECG0l1LiZo4ygfOTKXrsTsXyxsxIUOXds8r4vgG0JonXNDZ2NDKR0jlt\nZBGlLIECgYEA8g0yeTjS7uS0HCKDAbUOj2GX2bcGbVUIlUBYb05gc+YZE002pzon\nohOiKHyrVkC1jX1b1NnERMW2uBiTXev7YTbBKlnxc+EOj9cEjsEgcXp9b6hEol8g\na/LVnEjbcrNcEipZ1rCxU5cYlcC8cvtaZuRAILPrIE6iZ5ngT2vbvpMCgYEAz//e\nLAer+pQ4umSUorFZb2b5Rulg/3MTkB5wt/WCB5xcAK9aTe+nm/NRkHDOh5b/iaFM\nGNAonlc7zxq7Y69SI/2MaqYWgNGiTcVfPLN6KW6aTkVFa75VomGjFMdKG30iSjOY\nbIW9l3d6d3lL3TXfUzkpyQ4ewbrvOQlvWdfWpl8CgYEA7yfs8+saNqHP93B+AoTT\nQwXJVHrLJeF7noQ6HJfTIxB5PCHxWx9Ro4lEkj5Dx/AdshPnVRJpIw468ACQMp+D\n+9Ru3RqLP9RhX+ux/B6DoLvHDjiyv7+/uAjx1/4AnX7r/KLNqxtfydijmOsbB3yk\nIL9rQSSjr4MiYbye7boDH3MCgYEAmPTuKq7Rl4ncVaWVcDa/MB8nfTAuNmwnnLnl\n5kHSh0pClfZdkCaGuTYrau6p0igGbu2Aila5KAe6YcikuN+6peDUm7Dbp4uBsXNN\nX9QUJ9e//YMPU/Y5/xmR1bvgEWrqBmr+0f9ftr0UADvgwCHXwtmskr+hepG/TdBU\nZFtG7D0CgYEA69CHYu6SnXOPZST+QdtB8hn/BouUaJywNaHjOIisl6t46Gd4Lx+v\n1TKqQFiyhRsNvaZw1agklwIJTLXQ8L4jDrBI54fsDfN0KZQJYZvTPS7O39vqUGgA\n07Il6+AN3EI6mpOtMHn4xh8h/7vjfZRr+M4aL2aEv58yaD0xlJ04L04=\n-----END RSA PRIVATE KEY-----\n",
            "private_key_pem_pkcs8": "-----BEGIN PRIVATE KEY-----\nMIIEvwIBADANBgkqhkiG9w0BAQEFAASCBKkwggSlAgEAAoIBAQDEqpkGXvztgqLy\n9Ck2QCtiWz0INiS8AJYJ1Oz3ZwXqf6WsY9KFco4CXsU7AAR16nj65FIj/M4kyh4K\nATJqMYA1tlSdkF8kn1XOMwCKRv+awphgDX/bfAl30OHH9/hnzr4jJBfYnIKwm2yi\nYnA0HaJLP24gEzwu8VY6xJsSQ2xiVkftZtwXq+/vvtT2tHMMAOVYL8yfYzqTrkRw\nSP1aO5sK7oI1AMEV2vrIHUnvjbBWKZnIxGznagycIpwqV2+2xdiU7Fa75E9sOSXV\n88cJI+TRaSJ/HpxrIip6Vm0Ll4VX+/WVTX+7X1qOzLSAxySU+ugGUSuQ5MAwPKS5\nckNIAQqNAgMBAAECggEAaGGjlp4T4HvVwN2WghTM8gc6/YC/PomRGObKXwVvPmdB\np53TvsBuXxOt2wLHW053p7JHZpJnV19vUiAQggyD3/5GKtrVpLps8GRhhQLp51oh\nRdnkYroSzGUxcNFMJsy0XjJp9a4cL2BO6GEW7JJN8WJZMO0EpGWzPr3bEHZ4sDfs\nVoVr1gkvxSDvyo2PoJTmypOM9mjvcXy8wKz5FCN5eRX6SjoMIdyY8mz9afzbXAK6\n108IuboUrEz406Tnw+y5VC7u5KawAIk0zFh/TvcPIx8QIbSXUuJmjjKB85MpeuxO\nxfLGzEhQ5d2zyvi+AbQmidc0NnY0MpHSOW1kEaUsgQKBgQDyDTJ5ONLu5LQcIoMB\ntQ6PYZfZtwZtVQiVQFhvTmBz5hkTTTanOieiE6IofKtWQLWNfVvU2cRExba4GJNd\n6/thNsEqWfFz4Q6P1wSOwSBxen1vqESiXyBr8tWcSNtys1wSKlnWsLFTlxiVwLxy\n+1pm5EAgs+sgTqJnmeBPa9u+kwKBgQDP/94sB6v6lDi6ZJSisVlvZvlG6WD/cxOQ\nHnC39YIHnFwAr1pN76eb81GQcM6Hlv+JoUwY0CieVzvPGrtjr1Ij/YxqphaA0aJN\nxV88s3opbppORUVrvlWiYaMUx0obfSJKM5hshb2Xd3p3eUvdNd9TOSnJDh7Buu85\nCW9Z19amXwKBgQDvJ+zz6xo2oc/3cH4ChNNDBclUessl4XuehDocl9MjEHk8IfFb\nH1GjiUSSPkPH8B2yE+dVEmkjDjrwAJAyn4P71G7dGos/1GFf67H8HoOgu8cOOLK/\nv7+4CPHX/gCdfuv8os2rG1/J2KOY6xsHfKQgv2tBJKOvgyJhvJ7tugMfcwKBgQCY\n9O4qrtGXidxVpZVwNr8wHyd9MC42bCecueXmQdKHSkKV9l2QJoa5Nitq7qnSKAZu\n7YCKVrkoB7phyKS437ql4NSbsNuni4Gxc01f1BQn17/9gw9T9jn/GZHVu+ARauoG\nav7R/1+2vRQAO+DAIdfC2aySv6F6kb9N0FRkW0bsPQKBgQDr0Idi7pKdc49lJP5B\n20HyGf8Gi5RonLA1oeM4iKyXq3joZ3gvH6/VMqpAWLKFGw29pnDVqCSXAglMtdDw\nviMOsEjnh+wN83QplAlhm9M9Ls7f2+pQaADTsiXr4A3cQjqak60wefjGHyH/u+N9\nlGv4zhovZoS/nzJoPTGUnTgvTg==\n-----END PRIVATE KEY-----\n",
            "public_key_fingerprint_md5": "b1:d1:43:81:b5:66:33:57:6d:a5:47:c8:57:1c:c5:c4",
            "public_key_fingerprint_sha256": "SHA256:8T8xqvQU9bzuYh/UxSt4JsaXGewysb1UJ1lVIYbLHSE",
            "public_key_openssh": "ssh-rsa AAAAB3NzaC1yc2EAAAADAQABAAABAQDEqpkGXvztgqLy9Ck2QCtiWz0INiS8AJYJ1Oz3ZwXqf6WsY9KFco4CXsU7AAR16nj65FIj/M4kyh4KATJqMYA1tlSdkF8kn1XOMwCKRv+awphgDX/bfAl30OHH9/hnzr4jJBfYnIKwm2yiYnA0HaJLP24gEzwu8VY6xJsSQ2xiVkftZtwXq+/vvtT2tHMMAOVYL8yfYzqTrkRwSP1aO5sK7oI1AMEV2vrIHUnvjbBWKZnIxGznagycIpwqV2+2xdiU7Fa75E9sOSXV88cJI+TRaSJ/HpxrIip6Vm0Ll4VX+/WVTX+7X1qOzLSAxySU+ugGUSuQ5MAwPKS5ckNIAQqN\n",
            "public_key_pem": "-----BEGIN PUBLIC KEY-----\nMIIBIjANBgkqhkiG9w0BAQEFAAOCAQ8AMIIBCgKCAQEAxKqZBl787YKi8vQpNkAr\nYls9CDYkvACWCdTs92cF6n+lrGPShXKOAl7FOwAEdep4+uRSI/zOJMoeCgEyajGA\nNbZUnZBfJJ9VzjMAikb/msKYYA1/23wJd9Dhx/f4Z86+IyQX2JyCsJtsomJwNB2i\nSz9uIBM8LvFWOsSbEkNsYlZH7WbcF6vv777U9rRzDADlWC/Mn2M6k65EcEj9Wjub\nCu6CNQDBFdr6yB1J742wVimZyMRs52oMnCKcKldvtsXYlOxWu+RPbDkl1fPHCSPk\n0Wkifx6cayIqelZtC5eFV/v1lU1/u19ajsy0gMcklProBlErkOTAMDykuXJDSAEK\njQIDAQAB\n-----END PUBLIC KEY-----\n",
            "rsa_bits": 2048
          },
          "sensitive_attributes": []
        }
      ]
    }
  ],
  "check_results": null
}
